
Microsoft Visual Studio Solution File, Format Version 12.00
# Visual Studio Version 16
VisualStudioVersion = 16.0.29025.244
MinimumVisualStudioVersion = 10.0.40219.1
Project("{9A19103F-16F7-4668-BE54-9A1E7A4F7556}") = "Termgine", "Termgine\Termgine.csproj", "{121AD679-0BB9-4ED7-B61A-2D5B3281CF3D}"
EndProject
Project("{9A19103F-16F7-4668-BE54-9A1E7A4F7556}") = "Termgine.Tests", "Tests\Termgine.Tests\Termgine.Tests.csproj", "{9FDAB549-0003-439A-A635-DDDD2EEBC17A}"
EndProject
Project("{2150E333-8FDC-42A3-9474-1A3956D46DE8}") = "Solution Items", "Solution Items", "{64159F23-E054-44CA-AAD0-ED1EAD08CC60}"
	ProjectSection(SolutionItems) = preProject
		.editorconfig = .editorconfig
	EndProjectSection
EndProject
Project("{9A19103F-16F7-4668-BE54-9A1E7A4F7556}") = "Demo", "Demo\Demo.csproj", "{B534664C-6FB7-48A4-AC31-5BBB9EB829F3}"
	ProjectSection(ProjectDependencies) = postProject
		{121AD679-0BB9-4ED7-B61A-2D5B3281CF3D} = {121AD679-0BB9-4ED7-B61A-2D5B3281CF3D}
	EndProjectSection
EndProject
Global
	GlobalSection(SolutionConfigurationPlatforms) = preSolution
		Debug|Any CPU = Debug|Any CPU
		Release|Any CPU = Release|Any CPU
	EndGlobalSection
	GlobalSection(ProjectConfigurationPlatforms) = postSolution
		{121AD679-0BB9-4ED7-B61A-2D5B3281CF3D}.Debug|Any CPU.ActiveCfg = Debug|Any CPU
		{121AD679-0BB9-4ED7-B61A-2D5B3281CF3D}.Debug|Any CPU.Build.0 = Debug|Any CPU
		{121AD679-0BB9-4ED7-B61A-2D5B3281CF3D}.Release|Any CPU.ActiveCfg = Release|Any CPU
		{121AD679-0BB9-4ED7-B61A-2D5B3281CF3D}.Release|Any CPU.Build.0 = Release|Any CPU
		{9FDAB549-0003-439A-A635-DDDD2EEBC17A}.Debug|Any CPU.ActiveCfg = Debug|Any CPU
		{9FDAB549-0003-439A-A635-DDDD2EEBC17A}.Debug|Any CPU.Build.0 = Debug|Any CPU
		{9FDAB549-0003-439A-A635-DDDD2EEBC17A}.Release|Any CPU.ActiveCfg = Release|Any CPU
		{9FDAB549-0003-439A-A635-DDDD2EEBC17A}.Release|Any CPU.Build.0 = Release|Any CPU
		{B534664C-6FB7-48A4-AC31-5BBB9EB829F3}.Debug|Any CPU.ActiveCfg = Debug|Any CPU
		{B534664C-6FB7-48A4-AC31-5BBB9EB829F3}.Debug|Any CPU.Build.0 = Debug|Any CPU
		{B534664C-6FB7-48A4-AC31-5BBB9EB829F3}.Release|Any CPU.ActiveCfg = Release|Any CPU
		{B534664C-6FB7-48A4-AC31-5BBB9EB829F3}.Release|Any CPU.Build.0 = Release|Any CPU
	EndGlobalSection
	GlobalSection(SolutionProperties) = preSolution
		HideSolutionNode = FALSE
	EndGlobalSection
	GlobalSection(ExtensibilityGlobals) = postSolution
		SolutionGuid = {36C231C1-FE4E-434A-B139-760C1EE50D6A}
	EndGlobalSection
EndGlobal
