
Microsoft Visual Studio Solution File, Format Version 12.00
# Visual Studio 15
VisualStudioVersion = 15.0.28010.2050
MinimumVisualStudioVersion = 10.0.40219.1
Project("{FAE04EC0-301F-11D3-BF4B-00C04F79EFBC}") = "Termgine", "Termgine\Termgine.csproj", "{121AD679-0BB9-4ED7-B61A-2D5B3281CF3D}"
EndProject
Project("{2150E333-8FDC-42A3-9474-1A3956D46DE8}") = "Tests", "Tests", "{B03D8BB1-2843-4F9D-B33F-CB2A96FCEDAE}"
EndProject
Project("{FAE04EC0-301F-11D3-BF4B-00C04F79EFBC}") = "Termgine.Tests", "Tests\Termgine.Tests\Termgine.Tests.csproj", "{9FDAB549-0003-439A-A635-DDDD2EEBC17A}"
EndProject
Global
	GlobalSection(SolutionConfigurationPlatforms) = preSolution
		Debug|Any CPU = Debug|Any CPU
		Release|Any CPU = Release|Any CPU
	EndGlobalSection
	GlobalSection(ProjectConfigurationPlatforms) = postSolution
		{121AD679-0BB9-4ED7-B61A-2D5B3281CF3D}.Debug|Any CPU.ActiveCfg = Debug|Any CPU
		{121AD679-0BB9-4ED7-B61A-2D5B3281CF3D}.Debug|Any CPU.Build.0 = Debug|Any CPU
		{121AD679-0BB9-4ED7-B61A-2D5B3281CF3D}.Release|Any CPU.ActiveCfg = Release|Any CPU
		{121AD679-0BB9-4ED7-B61A-2D5B3281CF3D}.Release|Any CPU.Build.0 = Release|Any CPU
		{9FDAB549-0003-439A-A635-DDDD2EEBC17A}.Debug|Any CPU.ActiveCfg = Debug|Any CPU
		{9FDAB549-0003-439A-A635-DDDD2EEBC17A}.Debug|Any CPU.Build.0 = Debug|Any CPU
		{9FDAB549-0003-439A-A635-DDDD2EEBC17A}.Release|Any CPU.ActiveCfg = Release|Any CPU
		{9FDAB549-0003-439A-A635-DDDD2EEBC17A}.Release|Any CPU.Build.0 = Release|Any CPU
	EndGlobalSection
	GlobalSection(SolutionProperties) = preSolution
		HideSolutionNode = FALSE
	EndGlobalSection
	GlobalSection(ExtensibilityGlobals) = postSolution
		SolutionGuid = {36C231C1-FE4E-434A-B139-760C1EE50D6A}
	EndGlobalSection
	GlobalSection(NestedProjects) = preSolution
		{9FDAB549-0003-439A-A635-DDDD2EEBC17A} = {B03D8BB1-2843-4F9D-B33F-CB2A96FCEDAE}
	EndGlobalSection
EndGlobal
